
Microsoft Visual Studio Solution File, Format Version 12.00
# Visual Studio 15
VisualStudioVersion = 15.0.26124.0
MinimumVisualStudioVersion = 15.0.26124.0
Project("{2150E333-8FDC-42A3-9474-1A3956D46DE8}") = "src", "src", "{B87D2C86-F3E7-4856-B52C-612F3E6423B7}"
EndProject
Project("{FAE04EC0-301F-11D3-BF4B-00C04F79EFBC}") = "CLI", "src\CLI\CLI.csproj", "{C7C6998A-4828-483A-8B6A-BE5EF3C6844A}"
EndProject
Global
	GlobalSection(SolutionConfigurationPlatforms) = preSolution
		Debug|Any CPU = Debug|Any CPU
		Debug|x64 = Debug|x64
		Debug|x86 = Debug|x86
		Release|Any CPU = Release|Any CPU
		Release|x64 = Release|x64
		Release|x86 = Release|x86
	EndGlobalSection
	GlobalSection(SolutionProperties) = preSolution
		HideSolutionNode = FALSE
	EndGlobalSection
	GlobalSection(ProjectConfigurationPlatforms) = postSolution
		{C7C6998A-4828-483A-8B6A-BE5EF3C6844A}.Debug|Any CPU.ActiveCfg = Debug|Any CPU
		{C7C6998A-4828-483A-8B6A-BE5EF3C6844A}.Debug|Any CPU.Build.0 = Debug|Any CPU
		{C7C6998A-4828-483A-8B6A-BE5EF3C6844A}.Debug|x64.ActiveCfg = Debug|Any CPU
		{C7C6998A-4828-483A-8B6A-BE5EF3C6844A}.Debug|x64.Build.0 = Debug|Any CPU
		{C7C6998A-4828-483A-8B6A-BE5EF3C6844A}.Debug|x86.ActiveCfg = Debug|Any CPU
		{C7C6998A-4828-483A-8B6A-BE5EF3C6844A}.Debug|x86.Build.0 = Debug|Any CPU
		{C7C6998A-4828-483A-8B6A-BE5EF3C6844A}.Release|Any CPU.ActiveCfg = Release|Any CPU
		{C7C6998A-4828-483A-8B6A-BE5EF3C6844A}.Release|Any CPU.Build.0 = Release|Any CPU
		{C7C6998A-4828-483A-8B6A-BE5EF3C6844A}.Release|x64.ActiveCfg = Release|Any CPU
		{C7C6998A-4828-483A-8B6A-BE5EF3C6844A}.Release|x64.Build.0 = Release|Any CPU
		{C7C6998A-4828-483A-8B6A-BE5EF3C6844A}.Release|x86.ActiveCfg = Release|Any CPU
		{C7C6998A-4828-483A-8B6A-BE5EF3C6844A}.Release|x86.Build.0 = Release|Any CPU
	EndGlobalSection
	GlobalSection(NestedProjects) = preSolution
		{C7C6998A-4828-483A-8B6A-BE5EF3C6844A} = {B87D2C86-F3E7-4856-B52C-612F3E6423B7}
	EndGlobalSection
EndGlobal
