
Microsoft Visual Studio Solution File, Format Version 12.00
# Visual Studio 15
VisualStudioVersion = 15.0.26124.0
MinimumVisualStudioVersion = 15.0.26124.0
Project("{2150E333-8FDC-42A3-9474-1A3956D46DE8}") = "src", "src", "{31FCB125-2219-4018-A974-6FC08A12B6CD}"
EndProject
Project("{FAE04EC0-301F-11D3-BF4B-00C04F79EFBC}") = "Domain", "src\Domain\Domain.csproj", "{F6704227-3F3B-4E5F-B92F-AD8029C6B84F}"
EndProject
Project("{2150E333-8FDC-42A3-9474-1A3956D46DE8}") = "tests", "tests", "{0D2F7C59-F0D8-46D0-AAC2-9D1A587ADF07}"
EndProject
Project("{FAE04EC0-301F-11D3-BF4B-00C04F79EFBC}") = "Domain.UnitTests", "tests\Domain.UnitTests\Domain.UnitTests.csproj", "{17800AC7-F076-444F-B9D5-44596388FC56}"
EndProject
Global
	GlobalSection(SolutionConfigurationPlatforms) = preSolution
		Debug|Any CPU = Debug|Any CPU
		Debug|x64 = Debug|x64
		Debug|x86 = Debug|x86
		Release|Any CPU = Release|Any CPU
		Release|x64 = Release|x64
		Release|x86 = Release|x86
	EndGlobalSection
	GlobalSection(SolutionProperties) = preSolution
		HideSolutionNode = FALSE
	EndGlobalSection
	GlobalSection(ProjectConfigurationPlatforms) = postSolution
		{F6704227-3F3B-4E5F-B92F-AD8029C6B84F}.Debug|Any CPU.ActiveCfg = Debug|Any CPU
		{F6704227-3F3B-4E5F-B92F-AD8029C6B84F}.Debug|Any CPU.Build.0 = Debug|Any CPU
		{F6704227-3F3B-4E5F-B92F-AD8029C6B84F}.Debug|x64.ActiveCfg = Debug|Any CPU
		{F6704227-3F3B-4E5F-B92F-AD8029C6B84F}.Debug|x64.Build.0 = Debug|Any CPU
		{F6704227-3F3B-4E5F-B92F-AD8029C6B84F}.Debug|x86.ActiveCfg = Debug|Any CPU
		{F6704227-3F3B-4E5F-B92F-AD8029C6B84F}.Debug|x86.Build.0 = Debug|Any CPU
		{F6704227-3F3B-4E5F-B92F-AD8029C6B84F}.Release|Any CPU.ActiveCfg = Release|Any CPU
		{F6704227-3F3B-4E5F-B92F-AD8029C6B84F}.Release|Any CPU.Build.0 = Release|Any CPU
		{F6704227-3F3B-4E5F-B92F-AD8029C6B84F}.Release|x64.ActiveCfg = Release|Any CPU
		{F6704227-3F3B-4E5F-B92F-AD8029C6B84F}.Release|x64.Build.0 = Release|Any CPU
		{F6704227-3F3B-4E5F-B92F-AD8029C6B84F}.Release|x86.ActiveCfg = Release|Any CPU
		{F6704227-3F3B-4E5F-B92F-AD8029C6B84F}.Release|x86.Build.0 = Release|Any CPU
		{17800AC7-F076-444F-B9D5-44596388FC56}.Debug|Any CPU.ActiveCfg = Debug|Any CPU
		{17800AC7-F076-444F-B9D5-44596388FC56}.Debug|Any CPU.Build.0 = Debug|Any CPU
		{17800AC7-F076-444F-B9D5-44596388FC56}.Debug|x64.ActiveCfg = Debug|Any CPU
		{17800AC7-F076-444F-B9D5-44596388FC56}.Debug|x64.Build.0 = Debug|Any CPU
		{17800AC7-F076-444F-B9D5-44596388FC56}.Debug|x86.ActiveCfg = Debug|Any CPU
		{17800AC7-F076-444F-B9D5-44596388FC56}.Debug|x86.Build.0 = Debug|Any CPU
		{17800AC7-F076-444F-B9D5-44596388FC56}.Release|Any CPU.ActiveCfg = Release|Any CPU
		{17800AC7-F076-444F-B9D5-44596388FC56}.Release|Any CPU.Build.0 = Release|Any CPU
		{17800AC7-F076-444F-B9D5-44596388FC56}.Release|x64.ActiveCfg = Release|Any CPU
		{17800AC7-F076-444F-B9D5-44596388FC56}.Release|x64.Build.0 = Release|Any CPU
		{17800AC7-F076-444F-B9D5-44596388FC56}.Release|x86.ActiveCfg = Release|Any CPU
		{17800AC7-F076-444F-B9D5-44596388FC56}.Release|x86.Build.0 = Release|Any CPU
	EndGlobalSection
	GlobalSection(NestedProjects) = preSolution
		{F6704227-3F3B-4E5F-B92F-AD8029C6B84F} = {31FCB125-2219-4018-A974-6FC08A12B6CD}
		{17800AC7-F076-444F-B9D5-44596388FC56} = {0D2F7C59-F0D8-46D0-AAC2-9D1A587ADF07}
	EndGlobalSection
EndGlobal
