
Microsoft Visual Studio Solution File, Format Version 12.00
# Visual Studio 15
VisualStudioVersion = 15.0.26124.0
MinimumVisualStudioVersion = 15.0.26124.0
Project("{2150E333-8FDC-42A3-9474-1A3956D46DE8}") = "src", "src", "{9EC7151C-AB91-4C0C-B124-8E0D3D72DA56}"
EndProject
Project("{FAE04EC0-301F-11D3-BF4B-00C04F79EFBC}") = "CLI", "src\CLI\CLI.csproj", "{E1F0E481-37DF-41F6-A326-282C9AC3726A}"
EndProject
Global
	GlobalSection(SolutionConfigurationPlatforms) = preSolution
		Debug|Any CPU = Debug|Any CPU
		Debug|x64 = Debug|x64
		Debug|x86 = Debug|x86
		Release|Any CPU = Release|Any CPU
		Release|x64 = Release|x64
		Release|x86 = Release|x86
	EndGlobalSection
	GlobalSection(SolutionProperties) = preSolution
		HideSolutionNode = FALSE
	EndGlobalSection
	GlobalSection(ProjectConfigurationPlatforms) = postSolution
		{E1F0E481-37DF-41F6-A326-282C9AC3726A}.Debug|Any CPU.ActiveCfg = Debug|Any CPU
		{E1F0E481-37DF-41F6-A326-282C9AC3726A}.Debug|Any CPU.Build.0 = Debug|Any CPU
		{E1F0E481-37DF-41F6-A326-282C9AC3726A}.Debug|x64.ActiveCfg = Debug|Any CPU
		{E1F0E481-37DF-41F6-A326-282C9AC3726A}.Debug|x64.Build.0 = Debug|Any CPU
		{E1F0E481-37DF-41F6-A326-282C9AC3726A}.Debug|x86.ActiveCfg = Debug|Any CPU
		{E1F0E481-37DF-41F6-A326-282C9AC3726A}.Debug|x86.Build.0 = Debug|Any CPU
		{E1F0E481-37DF-41F6-A326-282C9AC3726A}.Release|Any CPU.ActiveCfg = Release|Any CPU
		{E1F0E481-37DF-41F6-A326-282C9AC3726A}.Release|Any CPU.Build.0 = Release|Any CPU
		{E1F0E481-37DF-41F6-A326-282C9AC3726A}.Release|x64.ActiveCfg = Release|Any CPU
		{E1F0E481-37DF-41F6-A326-282C9AC3726A}.Release|x64.Build.0 = Release|Any CPU
		{E1F0E481-37DF-41F6-A326-282C9AC3726A}.Release|x86.ActiveCfg = Release|Any CPU
		{E1F0E481-37DF-41F6-A326-282C9AC3726A}.Release|x86.Build.0 = Release|Any CPU
	EndGlobalSection
	GlobalSection(NestedProjects) = preSolution
		{E1F0E481-37DF-41F6-A326-282C9AC3726A} = {9EC7151C-AB91-4C0C-B124-8E0D3D72DA56}
	EndGlobalSection
EndGlobal
