
Microsoft Visual Studio Solution File, Format Version 12.00
# Visual Studio 15
VisualStudioVersion = 15.0.26124.0
MinimumVisualStudioVersion = 15.0.26124.0
Project("{2150E333-8FDC-42A3-9474-1A3956D46DE8}") = "src", "src", "{4DB7DFBB-A0BF-4AE7-BF70-FF3E9FFFB827}"
EndProject
Project("{FAE04EC0-301F-11D3-BF4B-00C04F79EFBC}") = "Application", "src\Application\Application.csproj", "{DFAEAD6A-C3C2-4E64-9D45-7E5618681E91}"
EndProject
Project("{2150E333-8FDC-42A3-9474-1A3956D46DE8}") = "tests", "tests", "{B894C3F8-4BC0-4D3C-90E7-D07F2A65C834}"
EndProject
Project("{FAE04EC0-301F-11D3-BF4B-00C04F79EFBC}") = "Application.UnitTests", "tests\Application.UnitTests\Application.UnitTests.csproj", "{FC7A6E93-03A5-449F-9217-9AF1FAF1713C}"
EndProject
Global
	GlobalSection(SolutionConfigurationPlatforms) = preSolution
		Debug|Any CPU = Debug|Any CPU
		Debug|x64 = Debug|x64
		Debug|x86 = Debug|x86
		Release|Any CPU = Release|Any CPU
		Release|x64 = Release|x64
		Release|x86 = Release|x86
	EndGlobalSection
	GlobalSection(SolutionProperties) = preSolution
		HideSolutionNode = FALSE
	EndGlobalSection
	GlobalSection(ProjectConfigurationPlatforms) = postSolution
		{DFAEAD6A-C3C2-4E64-9D45-7E5618681E91}.Debug|Any CPU.ActiveCfg = Debug|Any CPU
		{DFAEAD6A-C3C2-4E64-9D45-7E5618681E91}.Debug|Any CPU.Build.0 = Debug|Any CPU
		{DFAEAD6A-C3C2-4E64-9D45-7E5618681E91}.Debug|x64.ActiveCfg = Debug|Any CPU
		{DFAEAD6A-C3C2-4E64-9D45-7E5618681E91}.Debug|x64.Build.0 = Debug|Any CPU
		{DFAEAD6A-C3C2-4E64-9D45-7E5618681E91}.Debug|x86.ActiveCfg = Debug|Any CPU
		{DFAEAD6A-C3C2-4E64-9D45-7E5618681E91}.Debug|x86.Build.0 = Debug|Any CPU
		{DFAEAD6A-C3C2-4E64-9D45-7E5618681E91}.Release|Any CPU.ActiveCfg = Release|Any CPU
		{DFAEAD6A-C3C2-4E64-9D45-7E5618681E91}.Release|Any CPU.Build.0 = Release|Any CPU
		{DFAEAD6A-C3C2-4E64-9D45-7E5618681E91}.Release|x64.ActiveCfg = Release|Any CPU
		{DFAEAD6A-C3C2-4E64-9D45-7E5618681E91}.Release|x64.Build.0 = Release|Any CPU
		{DFAEAD6A-C3C2-4E64-9D45-7E5618681E91}.Release|x86.ActiveCfg = Release|Any CPU
		{DFAEAD6A-C3C2-4E64-9D45-7E5618681E91}.Release|x86.Build.0 = Release|Any CPU
		{FC7A6E93-03A5-449F-9217-9AF1FAF1713C}.Debug|Any CPU.ActiveCfg = Debug|Any CPU
		{FC7A6E93-03A5-449F-9217-9AF1FAF1713C}.Debug|Any CPU.Build.0 = Debug|Any CPU
		{FC7A6E93-03A5-449F-9217-9AF1FAF1713C}.Debug|x64.ActiveCfg = Debug|Any CPU
		{FC7A6E93-03A5-449F-9217-9AF1FAF1713C}.Debug|x64.Build.0 = Debug|Any CPU
		{FC7A6E93-03A5-449F-9217-9AF1FAF1713C}.Debug|x86.ActiveCfg = Debug|Any CPU
		{FC7A6E93-03A5-449F-9217-9AF1FAF1713C}.Debug|x86.Build.0 = Debug|Any CPU
		{FC7A6E93-03A5-449F-9217-9AF1FAF1713C}.Release|Any CPU.ActiveCfg = Release|Any CPU
		{FC7A6E93-03A5-449F-9217-9AF1FAF1713C}.Release|Any CPU.Build.0 = Release|Any CPU
		{FC7A6E93-03A5-449F-9217-9AF1FAF1713C}.Release|x64.ActiveCfg = Release|Any CPU
		{FC7A6E93-03A5-449F-9217-9AF1FAF1713C}.Release|x64.Build.0 = Release|Any CPU
		{FC7A6E93-03A5-449F-9217-9AF1FAF1713C}.Release|x86.ActiveCfg = Release|Any CPU
		{FC7A6E93-03A5-449F-9217-9AF1FAF1713C}.Release|x86.Build.0 = Release|Any CPU
	EndGlobalSection
	GlobalSection(NestedProjects) = preSolution
		{DFAEAD6A-C3C2-4E64-9D45-7E5618681E91} = {4DB7DFBB-A0BF-4AE7-BF70-FF3E9FFFB827}
		{FC7A6E93-03A5-449F-9217-9AF1FAF1713C} = {B894C3F8-4BC0-4D3C-90E7-D07F2A65C834}
	EndGlobalSection
EndGlobal
