
Microsoft Visual Studio Solution File, Format Version 12.00
# Visual Studio 15
VisualStudioVersion = 15.0.26124.0
MinimumVisualStudioVersion = 15.0.26124.0
Project("{2150E333-8FDC-42A3-9474-1A3956D46DE8}") = "src", "src", "{7CDD82E6-4693-4826-93A2-A87A93341DBF}"
EndProject
Project("{FAE04EC0-301F-11D3-BF4B-00C04F79EFBC}") = "CLI", "src\CLI\CLI.csproj", "{9C23EE1B-A910-47C6-A44A-752D3C859A8D}"
EndProject
Global
	GlobalSection(SolutionConfigurationPlatforms) = preSolution
		Debug|Any CPU = Debug|Any CPU
		Debug|x64 = Debug|x64
		Debug|x86 = Debug|x86
		Release|Any CPU = Release|Any CPU
		Release|x64 = Release|x64
		Release|x86 = Release|x86
	EndGlobalSection
	GlobalSection(SolutionProperties) = preSolution
		HideSolutionNode = FALSE
	EndGlobalSection
	GlobalSection(ProjectConfigurationPlatforms) = postSolution
		{9C23EE1B-A910-47C6-A44A-752D3C859A8D}.Debug|Any CPU.ActiveCfg = Debug|Any CPU
		{9C23EE1B-A910-47C6-A44A-752D3C859A8D}.Debug|Any CPU.Build.0 = Debug|Any CPU
		{9C23EE1B-A910-47C6-A44A-752D3C859A8D}.Debug|x64.ActiveCfg = Debug|Any CPU
		{9C23EE1B-A910-47C6-A44A-752D3C859A8D}.Debug|x64.Build.0 = Debug|Any CPU
		{9C23EE1B-A910-47C6-A44A-752D3C859A8D}.Debug|x86.ActiveCfg = Debug|Any CPU
		{9C23EE1B-A910-47C6-A44A-752D3C859A8D}.Debug|x86.Build.0 = Debug|Any CPU
		{9C23EE1B-A910-47C6-A44A-752D3C859A8D}.Release|Any CPU.ActiveCfg = Release|Any CPU
		{9C23EE1B-A910-47C6-A44A-752D3C859A8D}.Release|Any CPU.Build.0 = Release|Any CPU
		{9C23EE1B-A910-47C6-A44A-752D3C859A8D}.Release|x64.ActiveCfg = Release|Any CPU
		{9C23EE1B-A910-47C6-A44A-752D3C859A8D}.Release|x64.Build.0 = Release|Any CPU
		{9C23EE1B-A910-47C6-A44A-752D3C859A8D}.Release|x86.ActiveCfg = Release|Any CPU
		{9C23EE1B-A910-47C6-A44A-752D3C859A8D}.Release|x86.Build.0 = Release|Any CPU
	EndGlobalSection
	GlobalSection(NestedProjects) = preSolution
		{9C23EE1B-A910-47C6-A44A-752D3C859A8D} = {7CDD82E6-4693-4826-93A2-A87A93341DBF}
	EndGlobalSection
EndGlobal
