
Microsoft Visual Studio Solution File, Format Version 12.00
# Visual Studio 15
VisualStudioVersion = 15.0.26124.0
MinimumVisualStudioVersion = 15.0.26124.0
Project("{2150E333-8FDC-42A3-9474-1A3956D46DE8}") = "src", "src", "{91BCDECC-E380-404B-A7F5-3B89610D0B5C}"
EndProject
Project("{FAE04EC0-301F-11D3-BF4B-00C04F79EFBC}") = "CLI", "src\CLI\CLI.csproj", "{E04EC2CF-ADAA-4DA4-948D-D36B0CDE2221}"
EndProject
Global
	GlobalSection(SolutionConfigurationPlatforms) = preSolution
		Debug|Any CPU = Debug|Any CPU
		Debug|x64 = Debug|x64
		Debug|x86 = Debug|x86
		Release|Any CPU = Release|Any CPU
		Release|x64 = Release|x64
		Release|x86 = Release|x86
	EndGlobalSection
	GlobalSection(SolutionProperties) = preSolution
		HideSolutionNode = FALSE
	EndGlobalSection
	GlobalSection(ProjectConfigurationPlatforms) = postSolution
		{E04EC2CF-ADAA-4DA4-948D-D36B0CDE2221}.Debug|Any CPU.ActiveCfg = Debug|Any CPU
		{E04EC2CF-ADAA-4DA4-948D-D36B0CDE2221}.Debug|Any CPU.Build.0 = Debug|Any CPU
		{E04EC2CF-ADAA-4DA4-948D-D36B0CDE2221}.Debug|x64.ActiveCfg = Debug|Any CPU
		{E04EC2CF-ADAA-4DA4-948D-D36B0CDE2221}.Debug|x64.Build.0 = Debug|Any CPU
		{E04EC2CF-ADAA-4DA4-948D-D36B0CDE2221}.Debug|x86.ActiveCfg = Debug|Any CPU
		{E04EC2CF-ADAA-4DA4-948D-D36B0CDE2221}.Debug|x86.Build.0 = Debug|Any CPU
		{E04EC2CF-ADAA-4DA4-948D-D36B0CDE2221}.Release|Any CPU.ActiveCfg = Release|Any CPU
		{E04EC2CF-ADAA-4DA4-948D-D36B0CDE2221}.Release|Any CPU.Build.0 = Release|Any CPU
		{E04EC2CF-ADAA-4DA4-948D-D36B0CDE2221}.Release|x64.ActiveCfg = Release|Any CPU
		{E04EC2CF-ADAA-4DA4-948D-D36B0CDE2221}.Release|x64.Build.0 = Release|Any CPU
		{E04EC2CF-ADAA-4DA4-948D-D36B0CDE2221}.Release|x86.ActiveCfg = Release|Any CPU
		{E04EC2CF-ADAA-4DA4-948D-D36B0CDE2221}.Release|x86.Build.0 = Release|Any CPU
	EndGlobalSection
	GlobalSection(NestedProjects) = preSolution
		{E04EC2CF-ADAA-4DA4-948D-D36B0CDE2221} = {91BCDECC-E380-404B-A7F5-3B89610D0B5C}
	EndGlobalSection
EndGlobal
