
Microsoft Visual Studio Solution File, Format Version 12.00
# Visual Studio 15
VisualStudioVersion = 15.0.26124.0
MinimumVisualStudioVersion = 15.0.26124.0
Project("{2150E333-8FDC-42A3-9474-1A3956D46DE8}") = "src", "src", "{DE26B607-C2FF-4C22-A72A-CB65B94BEC17}"
EndProject
Project("{FAE04EC0-301F-11D3-BF4B-00C04F79EFBC}") = "CLI", "src\CLI\CLI.csproj", "{4466E750-69D9-4A59-B499-705D51972232}"
EndProject
Global
	GlobalSection(SolutionConfigurationPlatforms) = preSolution
		Debug|Any CPU = Debug|Any CPU
		Debug|x64 = Debug|x64
		Debug|x86 = Debug|x86
		Release|Any CPU = Release|Any CPU
		Release|x64 = Release|x64
		Release|x86 = Release|x86
	EndGlobalSection
	GlobalSection(SolutionProperties) = preSolution
		HideSolutionNode = FALSE
	EndGlobalSection
	GlobalSection(ProjectConfigurationPlatforms) = postSolution
		{4466E750-69D9-4A59-B499-705D51972232}.Debug|Any CPU.ActiveCfg = Debug|Any CPU
		{4466E750-69D9-4A59-B499-705D51972232}.Debug|Any CPU.Build.0 = Debug|Any CPU
		{4466E750-69D9-4A59-B499-705D51972232}.Debug|x64.ActiveCfg = Debug|Any CPU
		{4466E750-69D9-4A59-B499-705D51972232}.Debug|x64.Build.0 = Debug|Any CPU
		{4466E750-69D9-4A59-B499-705D51972232}.Debug|x86.ActiveCfg = Debug|Any CPU
		{4466E750-69D9-4A59-B499-705D51972232}.Debug|x86.Build.0 = Debug|Any CPU
		{4466E750-69D9-4A59-B499-705D51972232}.Release|Any CPU.ActiveCfg = Release|Any CPU
		{4466E750-69D9-4A59-B499-705D51972232}.Release|Any CPU.Build.0 = Release|Any CPU
		{4466E750-69D9-4A59-B499-705D51972232}.Release|x64.ActiveCfg = Release|Any CPU
		{4466E750-69D9-4A59-B499-705D51972232}.Release|x64.Build.0 = Release|Any CPU
		{4466E750-69D9-4A59-B499-705D51972232}.Release|x86.ActiveCfg = Release|Any CPU
		{4466E750-69D9-4A59-B499-705D51972232}.Release|x86.Build.0 = Release|Any CPU
	EndGlobalSection
	GlobalSection(NestedProjects) = preSolution
		{4466E750-69D9-4A59-B499-705D51972232} = {DE26B607-C2FF-4C22-A72A-CB65B94BEC17}
	EndGlobalSection
EndGlobal
